PODS:
  - CometChatPro (1.8.3)
  - SDWebImage (5.0.6):
    - SDWebImage/Core (= 5.0.6)
  - SDWebImage/Core (5.0.6)

DEPENDENCIES:
  - CometChatPro
  - SDWebImage

SPEC REPOS:
  https://github.com/cocoapods/specs.git:
    - CometChatPro
    - SDWebImage

SPEC CHECKSUMS:
  CometChatPro: 21fd3283f3bda7abdebc3cbb227de6180222a76a
  SDWebImage: 920f1a2ff1ca8296ad34f6e0510a1ef1d70ac965

PODFILE CHECKSUM: 5ee39d2341932ecb6e07062a5bab782577f79766

COCOAPODS: 1.7.5
